{
  "name": "@rupertsworld/lib",
  "lockfileVersion": 3,
  "requires": true,
  "packages": {
    "": {
      "name": "@rupertsworld/lib",
      "workspaces": [
        "packages/*"
      ]
    },
    "node_modules/@rupertsworld/dependencies": {
      "resolved": "packages/dependencies",
      "link": true
    },
    "node_modules/@rupertsworld/disposable": {
      "resolved": "packages/disposable",
      "link": true
    },
    "node_modules/@rupertsworld/emitter": {
      "resolved": "packages/emitter",
      "link": true
    },
    "node_modules/mitt": {
      "version": "3.0.1",
      "resolved": "https://registry.npmjs.org/mitt/-/mitt-3.0.1.tgz",
      "integrity": "sha512-vKivATfr97l2/QBCYAkXYDbrIWPM2IIKEl7YPhjCvKlG3kE2gm+uBo6nEXK3M5/Ffh/FLpKExzOQ3JJoJGFKBw==",
      "license": "MIT"
    },
    "packages/dependencies": {
      "name": "@rupertsworld/dependencies",
      "version": "0.1.0"
    },
    "packages/disposable": {
      "name": "@rupertsworld/disposable",
      "version": "0.1.0"
    },
    "packages/emitter": {
      "name": "@rupertsworld/emitter",
      "version": "0.1.0",
      "dependencies": {
        "@rupertsworld/disposable": "^0.1.0",
        "mitt": "^3.0.1"
      }
    }
  }
}
